
Microsoft Visual Studio Solution File, Format Version 12.00
Project("{FAE04EC0-301F-11D3-BF4B-00C04F79EFBC}") = "LordOfFrames.App", "LordOfFrames.App\LordOfFrames.App.csproj", "{B62A90A5-B4C8-4667-8FEB-7ACD489CFF44}"
EndProject
Global
	GlobalSection(SolutionConfigurationPlatforms) = preSolution
		Debug|Any CPU = Debug|Any CPU
		Release|Any CPU = Release|Any CPU
	EndGlobalSection
	GlobalSection(ProjectConfigurationPlatforms) = postSolution
		{B62A90A5-B4C8-4667-8FEB-7ACD489CFF44}.Debug|Any CPU.ActiveCfg = Debug|Any CPU
		{B62A90A5-B4C8-4667-8FEB-7ACD489CFF44}.Debug|Any CPU.Build.0 = Debug|Any CPU
		{B62A90A5-B4C8-4667-8FEB-7ACD489CFF44}.Release|Any CPU.ActiveCfg = Release|Any CPU
		{B62A90A5-B4C8-4667-8FEB-7ACD489CFF44}.Release|Any CPU.Build.0 = Release|Any CPU
	EndGlobalSection
EndGlobal
